
Microsoft Visual Studio Solution File, Format Version 12.00
# Visual Studio Version 17
VisualStudioVersion = 17.11.35222.181
MinimumVisualStudioVersion = 10.0.40219.1
Project("{2150E333-8FDC-42A3-9474-1A3956D46DE8}") = "Domain", "Domain", "{A4CDED75-0531-4FDF-AE39-C7F592175042}"
EndProject
Project("{2150E333-8FDC-42A3-9474-1A3956D46DE8}") = "Infra.Bus", "Infra.Bus", "{DAB26002-3EBD-4A2B-90EE-C5BC723B99A4}"
EndProject
Project("{2150E333-8FDC-42A3-9474-1A3956D46DE8}") = "Infra.Ioc", "Infra.Ioc", "{20A7E597-DBEE-4E92-BBB9-1250378DC6C2}"
EndProject
Project("{2150E333-8FDC-42A3-9474-1A3956D46DE8}") = "Microservices", "Microservices", "{47C38193-DE0C-4BB6-9C2A-F32B92954E8B}"
EndProject
Project("{2150E333-8FDC-42A3-9474-1A3956D46DE8}") = "Presentation", "Presentation", "{25C7932F-1A2C-4AAC-A19E-30BC2B1DE95F}"
EndProject
Project("{9A19103F-16F7-4668-BE54-9A1E7A4F7556}") = "MicroserviceRabbitMQ.Domain.Core", "MicroserviceRabbitMQ.Domain.Core\MicroserviceRabbitMQ.Domain.Core.csproj", "{955B833F-BE27-4F28-AA3D-60591B2372FB}"
EndProject
Project("{9A19103F-16F7-4668-BE54-9A1E7A4F7556}") = "MicroserviceRabbitMQ.Infra.Bus", "MicroserviceRabbitMQ.Infra.Bus\MicroserviceRabbitMQ.Infra.Bus.csproj", "{02AC19A9-8239-400C-87F9-4F3510E326BF}"
EndProject
Project("{9A19103F-16F7-4668-BE54-9A1E7A4F7556}") = "microserviceRabbitMQ.Infra.IoC", "microserviceRabbitMQ.Infra.IoC\microserviceRabbitMQ.Infra.IoC.csproj", "{AD5330B9-1E2A-42C5-BDCB-4E0E9B7243B7}"
EndProject
Project("{2150E333-8FDC-42A3-9474-1A3956D46DE8}") = "Banking", "Banking", "{61AD8A8A-C8C1-4834-9BF9-DCB7AE508FA7}"
EndProject
Project("{2150E333-8FDC-42A3-9474-1A3956D46DE8}") = "Api", "Api", "{18276CFB-A3F7-43B1-BDA3-0D1C4A6B7CCD}"
EndProject
Project("{2150E333-8FDC-42A3-9474-1A3956D46DE8}") = "Domain", "Domain", "{3A24ADF2-DBD6-48C8-87D8-08EA31631377}"
EndProject
Project("{2150E333-8FDC-42A3-9474-1A3956D46DE8}") = "Application", "Application", "{659CC0FA-56F0-478F-AE94-4D6EB3639261}"
EndProject
Project("{2150E333-8FDC-42A3-9474-1A3956D46DE8}") = "Data", "Data", "{E2D1FA88-77B0-47C6-BF64-5E3074F5A75D}"
EndProject
Project("{FAE04EC0-301F-11D3-BF4B-00C04F79EFBC}") = "MicroserviceRabbitMQ.Banking.Api", "MicroserviceRabbitMQ.Banking.Api\MicroserviceRabbitMQ.Banking.Api.csproj", "{BD1A5058-6B81-4E02-BC68-3218222CF7A8}"
EndProject
Project("{FAE04EC0-301F-11D3-BF4B-00C04F79EFBC}") = "MicroserviceRabbitMQ.Banking.Application", "MicroserviceRabbitMQ.Banking.Application\MicroserviceRabbitMQ.Banking.Application.csproj", "{D23E3139-029C-40DC-854C-116D924B6B9E}"
EndProject
Project("{FAE04EC0-301F-11D3-BF4B-00C04F79EFBC}") = "MicroserviceRabbitMQ.Banking.Data", "MicroserviceRabbitMQ.Banking.Data\MicroserviceRabbitMQ.Banking.Data.csproj", "{1059D944-9DE3-4C57-BC9C-95EFB62E839A}"
EndProject
Project("{FAE04EC0-301F-11D3-BF4B-00C04F79EFBC}") = "MicroserviceRabbitMQ.Banking.Domain", "MicroserviceRabbitMQ.Banking.Domain\MicroserviceRabbitMQ.Banking.Domain.csproj", "{A1DB62C3-600F-44B3-88DE-BF1A8D9BBEA3}"
EndProject
Global
	GlobalSection(SolutionConfigurationPlatforms) = preSolution
		Debug|Any CPU = Debug|Any CPU
		Release|Any CPU = Release|Any CPU
	EndGlobalSection
	GlobalSection(ProjectConfigurationPlatforms) = postSolution
		{955B833F-BE27-4F28-AA3D-60591B2372FB}.Debug|Any CPU.ActiveCfg = Debug|Any CPU
		{955B833F-BE27-4F28-AA3D-60591B2372FB}.Debug|Any CPU.Build.0 = Debug|Any CPU
		{955B833F-BE27-4F28-AA3D-60591B2372FB}.Release|Any CPU.ActiveCfg = Release|Any CPU
		{955B833F-BE27-4F28-AA3D-60591B2372FB}.Release|Any CPU.Build.0 = Release|Any CPU
		{02AC19A9-8239-400C-87F9-4F3510E326BF}.Debug|Any CPU.ActiveCfg = Debug|Any CPU
		{02AC19A9-8239-400C-87F9-4F3510E326BF}.Debug|Any CPU.Build.0 = Debug|Any CPU
		{02AC19A9-8239-400C-87F9-4F3510E326BF}.Release|Any CPU.ActiveCfg = Release|Any CPU
		{02AC19A9-8239-400C-87F9-4F3510E326BF}.Release|Any CPU.Build.0 = Release|Any CPU
		{AD5330B9-1E2A-42C5-BDCB-4E0E9B7243B7}.Debug|Any CPU.ActiveCfg = Debug|Any CPU
		{AD5330B9-1E2A-42C5-BDCB-4E0E9B7243B7}.Debug|Any CPU.Build.0 = Debug|Any CPU
		{AD5330B9-1E2A-42C5-BDCB-4E0E9B7243B7}.Release|Any CPU.ActiveCfg = Release|Any CPU
		{AD5330B9-1E2A-42C5-BDCB-4E0E9B7243B7}.Release|Any CPU.Build.0 = Release|Any CPU
		{BD1A5058-6B81-4E02-BC68-3218222CF7A8}.Debug|Any CPU.ActiveCfg = Debug|Any CPU
		{BD1A5058-6B81-4E02-BC68-3218222CF7A8}.Debug|Any CPU.Build.0 = Debug|Any CPU
		{BD1A5058-6B81-4E02-BC68-3218222CF7A8}.Release|Any CPU.ActiveCfg = Release|Any CPU
		{BD1A5058-6B81-4E02-BC68-3218222CF7A8}.Release|Any CPU.Build.0 = Release|Any CPU
		{D23E3139-029C-40DC-854C-116D924B6B9E}.Debug|Any CPU.ActiveCfg = Debug|Any CPU
		{D23E3139-029C-40DC-854C-116D924B6B9E}.Debug|Any CPU.Build.0 = Debug|Any CPU
		{D23E3139-029C-40DC-854C-116D924B6B9E}.Release|Any CPU.ActiveCfg = Release|Any CPU
		{D23E3139-029C-40DC-854C-116D924B6B9E}.Release|Any CPU.Build.0 = Release|Any CPU
		{1059D944-9DE3-4C57-BC9C-95EFB62E839A}.Debug|Any CPU.ActiveCfg = Debug|Any CPU
		{1059D944-9DE3-4C57-BC9C-95EFB62E839A}.Debug|Any CPU.Build.0 = Debug|Any CPU
		{1059D944-9DE3-4C57-BC9C-95EFB62E839A}.Release|Any CPU.ActiveCfg = Release|Any CPU
		{1059D944-9DE3-4C57-BC9C-95EFB62E839A}.Release|Any CPU.Build.0 = Release|Any CPU
		{A1DB62C3-600F-44B3-88DE-BF1A8D9BBEA3}.Debug|Any CPU.ActiveCfg = Debug|Any CPU
		{A1DB62C3-600F-44B3-88DE-BF1A8D9BBEA3}.Debug|Any CPU.Build.0 = Debug|Any CPU
		{A1DB62C3-600F-44B3-88DE-BF1A8D9BBEA3}.Release|Any CPU.ActiveCfg = Release|Any CPU
		{A1DB62C3-600F-44B3-88DE-BF1A8D9BBEA3}.Release|Any CPU.Build.0 = Release|Any CPU
	EndGlobalSection
	GlobalSection(SolutionProperties) = preSolution
		HideSolutionNode = FALSE
	EndGlobalSection
	GlobalSection(NestedProjects) = preSolution
		{955B833F-BE27-4F28-AA3D-60591B2372FB} = {A4CDED75-0531-4FDF-AE39-C7F592175042}
		{02AC19A9-8239-400C-87F9-4F3510E326BF} = {DAB26002-3EBD-4A2B-90EE-C5BC723B99A4}
		{AD5330B9-1E2A-42C5-BDCB-4E0E9B7243B7} = {20A7E597-DBEE-4E92-BBB9-1250378DC6C2}
		{61AD8A8A-C8C1-4834-9BF9-DCB7AE508FA7} = {47C38193-DE0C-4BB6-9C2A-F32B92954E8B}
		{18276CFB-A3F7-43B1-BDA3-0D1C4A6B7CCD} = {61AD8A8A-C8C1-4834-9BF9-DCB7AE508FA7}
		{3A24ADF2-DBD6-48C8-87D8-08EA31631377} = {61AD8A8A-C8C1-4834-9BF9-DCB7AE508FA7}
		{659CC0FA-56F0-478F-AE94-4D6EB3639261} = {61AD8A8A-C8C1-4834-9BF9-DCB7AE508FA7}
		{E2D1FA88-77B0-47C6-BF64-5E3074F5A75D} = {61AD8A8A-C8C1-4834-9BF9-DCB7AE508FA7}
		{BD1A5058-6B81-4E02-BC68-3218222CF7A8} = {18276CFB-A3F7-43B1-BDA3-0D1C4A6B7CCD}
		{D23E3139-029C-40DC-854C-116D924B6B9E} = {659CC0FA-56F0-478F-AE94-4D6EB3639261}
		{1059D944-9DE3-4C57-BC9C-95EFB62E839A} = {E2D1FA88-77B0-47C6-BF64-5E3074F5A75D}
		{A1DB62C3-600F-44B3-88DE-BF1A8D9BBEA3} = {3A24ADF2-DBD6-48C8-87D8-08EA31631377}
	EndGlobalSection
	GlobalSection(ExtensibilityGlobals) = postSolution
		SolutionGuid = {C2B4D5A3-281B-499A-9404-3159B1C975C9}
	EndGlobalSection
EndGlobal
